
Microsoft Visual Studio Solution File, Format Version 12.00
# Visual Studio 2017
Project("{FAE04EC0-301F-11D3-BF4B-00C04F79EFBC}") = "CrowssbowVR", "CrowssbowVR.csproj", "{CDC74C94-3AF7-8865-BC44-B12E44678117}"
EndProject
Project("{FAE04EC0-301F-11D3-BF4B-00C04F79EFBC}") = "CrowssbowVR.Editor", "CrowssbowVR.Editor.csproj", "{5A3F2759-2C45-669B-2796-5232A5D06AAF}"
EndProject
Global
	GlobalSection(SolutionConfigurationPlatforms) = preSolution
		Debug|Any CPU = Debug|Any CPU
		Release|Any CPU = Release|Any CPU
	EndGlobalSection
	GlobalSection(ProjectConfigurationPlatforms) = postSolution
		{CDC74C94-3AF7-8865-BC44-B12E44678117}.Debug|Any CPU.ActiveCfg = Debug|Any CPU
		{CDC74C94-3AF7-8865-BC44-B12E44678117}.Debug|Any CPU.Build.0 = Debug|Any CPU
		{CDC74C94-3AF7-8865-BC44-B12E44678117}.Release|Any CPU.ActiveCfg = Release|Any CPU
		{CDC74C94-3AF7-8865-BC44-B12E44678117}.Release|Any CPU.Build.0 = Release|Any CPU
		{5A3F2759-2C45-669B-2796-5232A5D06AAF}.Debug|Any CPU.ActiveCfg = Debug|Any CPU
		{5A3F2759-2C45-669B-2796-5232A5D06AAF}.Debug|Any CPU.Build.0 = Debug|Any CPU
		{5A3F2759-2C45-669B-2796-5232A5D06AAF}.Release|Any CPU.ActiveCfg = Release|Any CPU
		{5A3F2759-2C45-669B-2796-5232A5D06AAF}.Release|Any CPU.Build.0 = Release|Any CPU
	EndGlobalSection
	GlobalSection(SolutionProperties) = preSolution
		HideSolutionNode = FALSE
	EndGlobalSection
EndGlobal
